
Microsoft Visual Studio Solution File, Format Version 12.00
# Visual Studio Version 17
VisualStudioVersion = 17.4.33213.308
MinimumVisualStudioVersion = 10.0.40219.1
Project("{FAE04EC0-301F-11D3-BF4B-00C04F79EFBC}") = "OptimalPerforment", "OptimalPerforment\OptimalPerforment.csproj", "{3764761C-C2B2-43FD-8043-7D0DDB016583}"
EndProject
Global
	GlobalSection(SolutionConfigurationPlatforms) = preSolution
		Debug|Any CPU = Debug|Any CPU
		Release|Any CPU = Release|Any CPU
	EndGlobalSection
	GlobalSection(ProjectConfigurationPlatforms) = postSolution
		{3764761C-C2B2-43FD-8043-7D0DDB016583}.Debug|Any CPU.ActiveCfg = Debug|Any CPU
		{3764761C-C2B2-43FD-8043-7D0DDB016583}.Debug|Any CPU.Build.0 = Debug|Any CPU
		{3764761C-C2B2-43FD-8043-7D0DDB016583}.Release|Any CPU.ActiveCfg = Release|Any CPU
		{3764761C-C2B2-43FD-8043-7D0DDB016583}.Release|Any CPU.Build.0 = Release|Any CPU
	EndGlobalSection
	GlobalSection(SolutionProperties) = preSolution
		HideSolutionNode = FALSE
	EndGlobalSection
	GlobalSection(ExtensibilityGlobals) = postSolution
		SolutionGuid = {690C05FD-CDC8-4C82-BF84-61B607D4006D}
	EndGlobalSection
EndGlobal
